// !$*UTF8*$!
{
	archiveVersion = 1;
	classes = {
	};
	objectVersion = 77;
	objects = {

/* Begin PBXContainerItemProxy section */
		BD01359E2D3C3DB000B36648 /* PBXContainerItemProxy */ = {
			isa = PBXContainerItemProxy;
			containerPortal = BD0135852D3C3DAD00B36648 /* Project object */;
			proxyType = 1;
			remoteGlobalIDString = BD01358C2D3C3DAD00B36648;
			remoteInfo = "FinHacks app";
		};
		BD0135A82D3C3DB000B36648 /* PBXContainerItemProxy */ = {
			isa = PBXContainerItemProxy;
			containerPortal = BD0135852D3C3DAD00B36648 /* Project object */;
			proxyType = 1;
			remoteGlobalIDString = BD01358C2D3C3DAD00B36648;
			remoteInfo = "FinHacks app";
		};
/* End PBXContainerItemProxy section */

/* Begin PBXFileReference section */
		BD01358D2D3C3DAD00B36648 /* FinHacks app.app */ = {isa = PBXFileReference; explicitFileType = wrapper.application; includeInIndex = 0; path = "FinHacks app.app"; sourceTree = BUILT_PRODUCTS_DIR; };
		BD01359D2D3C3DB000B36648 /* FinHacks appTests.xctest */ = {isa = PBXFileReference; explicitFileType = wrapper.cfbundle; includeInIndex = 0; path = "FinHacks appTests.xctest"; sourceTree = BUILT_PRODUCTS_DIR; };
		BD0135A72D3C3DB000B36648 /* FinHacks appUITests.xctest */ = {isa = PBXFileReference; explicitFileType = wrapper.cfbundle; includeInIndex = 0; path = "FinHacks appUITests.xctest"; sourceTree = BUILT_PRODUCTS_DIR; };
/* End PBXFileReference section */

/* Begin PBXFileSystemSynchronizedRootGroup section */
		BD01358F2D3C3DAD00B36648 /* FinHacks app */ = {
			isa = PBXFileSystemSynchronizedRootGroup;
			path = "FinHacks app";
			sourceTree = "<group>";
		};
		BD0135A02D3C3DB000B36648 /* FinHacks appTests */ = {
			isa = PBXFileSystemSynchronizedRootGroup;
			path = "FinHacks appTests";
			sourceTree = "<group>";
		};
		BD0135AA2D3C3DB000B36648 /* FinHacks appUITests */ = {
			isa = PBXFileSystemSynchronizedRootGroup;
			path = "FinHacks appUITests";
			sourceTree = "<group>";
		};
/* End PBXFileSystemSynchronizedRootGroup section */

/* Begin PBXFrameworksBuildPhase section */
		BD01358A2D3C3DAD00B36648 /* Frameworks */ = {
			isa = PBXFrameworksBuildPhase;
			buildActionMask = 2147483647;
			files = (
			);
			runOnlyForDeploymentPostprocessing = 0;
		};
		BD01359A2D3C3DB000B36648 /* Frameworks */ = {
			isa = PBXFrameworksBuildPhase;
			buildActionMask = 2147483647;
			files = (
			);
			runOnlyForDeploymentPostprocessing = 0;
		};
		BD0135A42D3C3DB000B36648 /* Frameworks */ = {
			isa = PBXFrameworksBuildPhase;
			buildActionMask = 2147483647;
			files = (
			);
			runOnlyForDeploymentPostprocessing = 0;
		};
/* End PBXFrameworksBuildPhase section */

/* Begin PBXGroup section */
		BD0135842D3C3DAD00B36648 = {
			isa = PBXGroup;
			children = (
				BD01358F2D3C3DAD00B36648 /* FinHacks app */,
				BD0135A02D3C3DB000B36648 /* FinHacks appTests */,
				BD0135AA2D3C3DB000B36648 /* FinHacks appUITests */,
				BD01358E2D3C3DAD00B36648 /* Products */,
			);
			sourceTree = "<group>";
		};
		BD01358E2D3C3DAD00B36648 /* Products */ = {
			isa = PBXGroup;
			children = (
				BD01358D2D3C3DAD00B36648 /* FinHacks app.app */,
				BD01359D2D3C3DB000B36648 /* FinHacks appTests.xctest */,
				BD0135A72D3C3DB000B36648 /* FinHacks appUITests.xctest */,
			);
			name = Products;
			sourceTree = "<group>";
		};
/* End PBXGroup section */

/* Begin PBXNativeTarget section */
		BD01358C2D3C3DAD00B36648 /* FinHacks app */ = {
			isa = PBXNativeTarget;
			buildConfigurationList = BD0135B12D3C3DB000B36648 /* Build configuration list for PBXNativeTarget "FinHacks app" */;
			buildPhases = (
				BD0135892D3C3DAD00B36648 /* Sources */,
				BD01358A2D3C3DAD00B36648 /* Frameworks */,
				BD01358B2D3C3DAD00B36648 /* Resources */,
			);
			buildRules = (
			);
			dependencies = (
			);
			fileSystemSynchronizedGroups = (
				BD01358F2D3C3DAD00B36648 /* FinHacks app */,
			);
			name = "FinHacks app";
			packageProductDependencies = (
			);
			productName = "FinHacks app";
			productReference = BD01358D2D3C3DAD00B36648 /* FinHacks app.app */;
			productType = "com.apple.product-type.application";
		};
		BD01359C2D3C3DB000B36648 /* FinHacks appTests */ = {
			isa = PBXNativeTarget;
			buildConfigurationList = BD0135B42D3C3DB000B36648 /* Build configuration list for PBXNativeTarget "FinHacks appTests" */;
			buildPhases = (
				BD0135992D3C3DB000B36648 /* Sources */,
				BD01359A2D3C3DB000B36648 /* Frameworks */,
				BD01359B2D3C3DB000B36648 /* Resources */,
			);
			buildRules = (
			);
			dependencies = (
				BD01359F2D3C3DB000B36648 /* PBXTargetDependency */,
			);
			fileSystemSynchronizedGroups = (
				BD0135A02D3C3DB000B36648 /* FinHacks appTests */,
			);
			name = "FinHacks appTests";
			packageProductDependencies = (
			);
			productName = "FinHacks appTests";
			productReference = BD01359D2D3C3DB000B36648 /* FinHacks appTests.xctest */;
			productType = "com.apple.product-type.bundle.unit-test";
		};
		BD0135A62D3C3DB000B36648 /* FinHacks appUITests */ = {
			isa = PBXNativeTarget;
			buildConfigurationList = BD0135B72D3C3DB000B36648 /* Build configuration list for PBXNativeTarget "FinHacks appUITests" */;
			buildPhases = (
				BD0135A32D3C3DB000B36648 /* Sources */,
				BD0135A42D3C3DB000B36648 /* Frameworks */,
				BD0135A52D3C3DB000B36648 /* Resources */,
			);
			buildRules = (
			);
			dependencies = (
				BD0135A92D3C3DB000B36648 /* PBXTargetDependency */,
			);
			fileSystemSynchronizedGroups = (
				BD0135AA2D3C3DB000B36648 /* FinHacks appUITests */,
			);
			name = "FinHacks appUITests";
			packageProductDependencies = (
			);
			productName = "FinHacks appUITests";
			productReference = BD0135A72D3C3DB000B36648 /* FinHacks appUITests.xctest */;
			productType = "com.apple.product-type.bundle.ui-testing";
		};
/* End PBXNativeTarget section */

/* Begin PBXProject section */
		BD0135852D3C3DAD00B36648 /* Project object */ = {
			isa = PBXProject;
			attributes = {
				BuildIndependentTargetsInParallel = 1;
				LastSwiftUpdateCheck = 1620;
				LastUpgradeCheck = 1620;
				TargetAttributes = {
					BD01358C2D3C3DAD00B36648 = {
						CreatedOnToolsVersion = 16.2;
					};
					BD01359C2D3C3DB000B36648 = {
						CreatedOnToolsVersion = 16.2;
						TestTargetID = BD01358C2D3C3DAD00B36648;
					};
					BD0135A62D3C3DB000B36648 = {
						CreatedOnToolsVersion = 16.2;
						TestTargetID = BD01358C2D3C3DAD00B36648;
					};
				};
			};
			buildConfigurationList = BD0135882D3C3DAD00B36648 /* Build configuration list for PBXProject "FinHacks app" */;
			developmentRegion = en;
			hasScannedForEncodings = 0;
			knownRegions = (
				en,
				Base,
			);
			mainGroup = BD0135842D3C3DAD00B36648;
			minimizedProjectReferenceProxies = 1;
			preferredProjectObjectVersion = 77;
			productRefGroup = BD01358E2D3C3DAD00B36648 /* Products */;
			projectDirPath = "";
			projectRoot = "";
			targets = (
				BD01358C2D3C3DAD00B36648 /* FinHacks app */,
				BD01359C2D3C3DB000B36648 /* FinHacks appTests */,
				BD0135A62D3C3DB000B36648 /* FinHacks appUITests */,
			);
		};
/* End PBXProject section */

/* Begin PBXResourcesBuildPhase section */
		BD01358B2D3C3DAD00B36648 /* Resources */ = {
			isa = PBXResourcesBuildPhase;
			buildActionMask = 2147483647;
			files = (
			);
			runOnlyForDeploymentPostprocessing = 0;
		};
		BD01359B2D3C3DB000B36648 /* Resources */ = {
			isa = PBXResourcesBuildPhase;
			buildActionMask = 2147483647;
			files = (
			);
			runOnlyForDeploymentPostprocessing = 0;
		};
		BD0135A52D3C3DB000B36648 /* Resources */ = {
			isa = PBXResourcesBuildPhase;
			buildActionMask = 2147483647;
			files = (
			);
			runOnlyForDeploymentPostprocessing = 0;
		};
/* End PBXResourcesBuildPhase section */

/* Begin PBXSourcesBuildPhase section */
		BD0135892D3C3DAD00B36648 /* Sources */ = {
			isa = PBXSourcesBuildPhase;
			buildActionMask = 2147483647;
			files = (
			);
			runOnlyForDeploymentPostprocessing = 0;
		};
		BD0135992D3C3DB000B36648 /* Sources */ = {
			isa = PBXSourcesBuildPhase;
			buildActionMask = 2147483647;
			files = (
			);
			runOnlyForDeploymentPostprocessing = 0;
		};
		BD0135A32D3C3DB000B36648 /* Sources */ = {
			isa = PBXSourcesBuildPhase;
			buildActionMask = 2147483647;
			files = (
			);
			runOnlyForDeploymentPostprocessing = 0;
		};
/* End PBXSourcesBuildPhase section */

/* Begin PBXTargetDependency section */
		BD01359F2D3C3DB000B36648 /* PBXTargetDependency */ = {
			isa = PBXTargetDependency;
			target = BD01358C2D3C3DAD00B36648 /* FinHacks app */;
			targetProxy = BD01359E2D3C3DB000B36648 /* PBXContainerItemProxy */;
		};
		BD0135A92D3C3DB000B36648 /* PBXTargetDependency */ = {
			isa = PBXTargetDependency;
			target = BD01358C2D3C3DAD00B36648 /* FinHacks app */;
			targetProxy = BD0135A82D3C3DB000B36648 /* PBXContainerItemProxy */;
		};
/* End PBXTargetDependency section */

/* Begin XCBuildConfiguration section */
		BD0135AF2D3C3DB000B36648 /* Debug */ = {
			isa = XCBuildConfiguration;
			buildSettings = {
				ALWAYS_SEARCH_USER_PATHS = NO;
				ASSETCATALOG_COMPILER_GENERATE_SWIFT_ASSET_SYMBOL_EXTENSIONS = YES;
				CLANG_ANALYZER_NONNULL = YES;
				CLANG_ANALYZER_NUMBER_OBJECT_CONVERSION = YES_AGGRESSIVE;
				CLANG_CXX_LANGUAGE_STANDARD = "gnu++20";
				CLANG_ENABLE_MODULES = YES;
				CLANG_ENABLE_OBJC_ARC = YES;
				CLANG_ENABLE_OBJC_WEAK = YES;
				CLANG_WARN_BLOCK_CAPTURE_AUTORELEASING = YES;
				CLANG_WARN_BOOL_CONVERSION = YES;
				CLANG_WARN_COMMA = YES;
				CLANG_WARN_CONSTANT_CONVERSION = YES;
				CLANG_WARN_DEPRECATED_OBJC_IMPLEMENTATIONS = YES;
				CLANG_WARN_DIRECT_OBJC_ISA_USAGE = YES_ERROR;
				CLANG_WARN_DOCUMENTATION_COMMENTS = YES;
				CLANG_WARN_EMPTY_BODY = YES;
				CLANG_WARN_ENUM_CONVERSION = YES;
				CLANG_WARN_INFINITE_RECURSION = YES;
				CLANG_WARN_INT_CONVERSION = YES;
				CLANG_WARN_NON_LITERAL_NULL_CONVERSION = YES;
				CLANG_WARN_OBJC_IMPLICIT_RETAIN_SELF = YES;
				CLANG_WARN_OBJC_LITERAL_CONVERSION = YES;
				CLANG_WARN_OBJC_ROOT_CLASS = YES_ERROR;
				CLANG_WARN_QUOTED_INCLUDE_IN_FRAMEWORK_HEADER = YES;
				CLANG_WARN_RANGE_LOOP_ANALYSIS = YES;
				CLANG_WARN_STRICT_PROTOTYPES = YES;
				CLANG_WARN_SUSPICIOUS_MOVE = YES;
				CLANG_WARN_UNGUARDED_AVAILABILITY = YES_AGGRESSIVE;
				CLANG_WARN_UNREACHABLE_CODE = YES;
				CLANG_WARN__DUPLICATE_METHOD_MATCH = YES;
				COPY_PHASE_STRIP = NO;
				DEBUG_INFORMATION_FORMAT = dwarf;
				ENABLE_STRICT_OBJC_MSGSEND = YES;
				ENABLE_TESTABILITY = YES;
				ENABLE_USER_SCRIPT_SANDBOXING = YES;
				GCC_C_LANGUAGE_STANDARD = gnu17;
				GCC_DYNAMIC_NO_PIC = NO;
				GCC_NO_COMMON_BLOCKS = YES;
				GCC_OPTIMIZATION_LEVEL = 0;
				GCC_PREPROCESSOR_DEFINITIONS = (
					"DEBUG=1",
					"$(inherited)",
				);
				GCC_WARN_64_TO_32_BIT_CONVERSION = YES;
				GCC_WARN_ABOUT_RETURN_TYPE = YES_ERROR;
				GCC_WARN_UNDECLARED_SELECTOR = YES;
				GCC_WARN_UNINITIALIZED_AUTOS = YES_AGGRESSIVE;
				GCC_WARN_UNUSED_FUNCTION = YES;
				GCC_WARN_UNUSED_VARIABLE = YES;
				IPHONEOS_DEPLOYMENT_TARGET = 18.2;
				LOCALIZATION_PREFERS_STRING_CATALOGS = YES;
				MTL_ENABLE_DEBUG_INFO = INCLUDE_SOURCE;
				MTL_FAST_MATH = YES;
				ONLY_ACTIVE_ARCH = YES;
				SDKROOT = iphoneos;
				SWIFT_ACTIVE_COMPILATION_CONDITIONS = "DEBUG $(inherited)";
				SWIFT_OPTIMIZATION_LEVEL = "-Onone";
			};
			name = Debug;
		};
		BD0135B02D3C3DB000B36648 /* Release */ = {
			isa = XCBuildConfiguration;
			buildSettings = {
				ALWAYS_SEARCH_USER_PATHS = NO;
				ASSETCATALOG_COMPILER_GENERATE_SWIFT_ASSET_SYMBOL_EXTENSIONS = YES;
				CLANG_ANALYZER_NONNULL = YES;
				CLANG_ANALYZER_NUMBER_OBJECT_CONVERSION = YES_AGGRESSIVE;
				CLANG_CXX_LANGUAGE_STANDARD = "gnu++20";
				CLANG_ENABLE_MODULES = YES;
				CLANG_ENABLE_OBJC_ARC = YES;
				CLANG_ENABLE_OBJC_WEAK = YES;
				CLANG_WARN_BLOCK_CAPTURE_AUTORELEASING = YES;
				CLANG_WARN_BOOL_CONVERSION = YES;
				CLANG_WARN_COMMA = YES;
				CLANG_WARN_CONSTANT_CONVERSION = YES;
				CLANG_WARN_DEPRECATED_OBJC_IMPLEMENTATIONS = YES;
				CLANG_WARN_DIRECT_OBJC_ISA_USAGE = YES_ERROR;
				CLANG_WARN_DOCUMENTATION_COMMENTS = YES;
				CLANG_WARN_EMPTY_BODY = YES;
				CLANG_WARN_ENUM_CONVERSION = YES;
				CLANG_WARN_INFINITE_RECURSION = YES;
				CLANG_WARN_INT_CONVERSION = YES;
				CLANG_WARN_NON_LITERAL_NULL_CONVERSION = YES;
				CLANG_WARN_OBJC_IMPLICIT_RETAIN_SELF = YES;
				CLANG_WARN_OBJC_LITERAL_CONVERSION = YES;
				CLANG_WARN_OBJC_ROOT_CLASS = YES_ERROR;
				CLANG_WARN_QUOTED_INCLUDE_IN_FRAMEWORK_HEADER = YES;
				CLANG_WARN_RANGE_LOOP_ANALYSIS = YES;
				CLANG_WARN_STRICT_PROTOTYPES = YES;
				CLANG_WARN_SUSPICIOUS_MOVE = YES;
				CLANG_WARN_UNGUARDED_AVAILABILITY = YES_AGGRESSIVE;
				CLANG_WARN_UNREACHABLE_CODE = YES;
				CLANG_WARN__DUPLICATE_METHOD_MATCH = YES;
				COPY_PHASE_STRIP = NO;
				DEBUG_INFORMATION_FORMAT = "dwarf-with-dsym";
				ENABLE_NS_ASSERTIONS = NO;
				ENABLE_STRICT_OBJC_MSGSEND = YES;
				ENABLE_USER_SCRIPT_SANDBOXING = YES;
				GCC_C_LANGUAGE_STANDARD = gnu17;
				GCC_NO_COMMON_BLOCKS = YES;
				GCC_WARN_64_TO_32_BIT_CONVERSION = YES;
				GCC_WARN_ABOUT_RETURN_TYPE = YES_ERROR;
				GCC_WARN_UNDECLARED_SELECTOR = YES;
				GCC_WARN_UNINITIALIZED_AUTOS = YES_AGGRESSIVE;
				GCC_WARN_UNUSED_FUNCTION = YES;
				GCC_WARN_UNUSED_VARIABLE = YES;
				IPHONEOS_DEPLOYMENT_TARGET = 18.2;
				LOCALIZATION_PREFERS_STRING_CATALOGS = YES;
				MTL_ENABLE_DEBUG_INFO = NO;
				MTL_FAST_MATH = YES;
				SDKROOT = iphoneos;
				SWIFT_COMPILATION_MODE = wholemodule;
				VALIDATE_PRODUCT = YES;
			};
			name = Release;
		};
		BD0135B22D3C3DB000B36648 /* Debug */ = {
			isa = XCBuildConfiguration;
			buildSettings = {
				ASSETCATALOG_COMPILER_APPICON_NAME = AppIcon;
				ASSETCATALOG_COMPILER_GLOBAL_ACCENT_COLOR_NAME = AccentColor;
				CODE_SIGN_STYLE = Automatic;
				CURRENT_PROJECT_VERSION = 1;
				DEVELOPMENT_ASSET_PATHS = "\"FinHacks app/Preview Content\"";
				ENABLE_PREVIEWS = YES;
				GENERATE_INFOPLIST_FILE = YES;
				INFOPLIST_KEY_UIApplicationSceneManifest_Generation = YES;
				INFOPLIST_KEY_UIApplicationSupportsIndirectInputEvents = YES;
				INFOPLIST_KEY_UILaunchScreen_Generation = YES;
				INFOPLIST_KEY_UISupportedInterfaceOrientations_iPad = "UIInterfaceOrientationPortrait UIInterfaceOrientationPortraitUpsideDown UIInterfaceOrientationLandscapeLeft UIInterfaceOrientationLandscapeRight";
				INFOPLIST_KEY_UISupportedInterfaceOrientations_iPhone = "UIInterfaceOrientationPortrait UIInterfaceOrientationLandscapeLeft UIInterfaceOrientationLandscapeRight";
				LD_RUNPATH_SEARCH_PATHS = (
					"$(inherited)",
					"@executable_path/Frameworks",
				);
				MARKETING_VERSION = 1.0;
				PRODUCT_BUNDLE_IDENTIFIER = "Krisha.FinHacks-app";
				PRODUCT_NAME = "$(TARGET_NAME)";
				SWIFT_EMIT_LOC_STRINGS = YES;
				SWIFT_VERSION = 5.0;
				TARGETED_DEVICE_FAMILY = "1,2";
			};
			name = Debug;
		};
		BD0135B32D3C3DB000B36648 /* Release */ = {
			isa = XCBuildConfiguration;
			buildSettings = {
				ASSETCATALOG_COMPILER_APPICON_NAME = AppIcon;
				ASSETCATALOG_COMPILER_GLOBAL_ACCENT_COLOR_NAME = AccentColor;
				CODE_SIGN_STYLE = Automatic;
				CURRENT_PROJECT_VERSION = 1;
				DEVELOPMENT_ASSET_PATHS = "\"FinHacks app/Preview Content\"";
				ENABLE_PREVIEWS = YES;
				GENERATE_INFOPLIST_FILE = YES;
				INFOPLIST_KEY_UIApplicationSceneManifest_Generation = YES;
				INFOPLIST_KEY_UIApplicationSupportsIndirectInputEvents = YES;
				INFOPLIST_KEY_UILaunchScreen_Generation = YES;
				INFOPLIST_KEY_UISupportedInterfaceOrientations_iPad = "UIInterfaceOrientationPortrait UIInterfaceOrientationPortraitUpsideDown UIInterfaceOrientationLandscapeLeft UIInterfaceOrientationLandscapeRight";
				INFOPLIST_KEY_UISupportedInterfaceOrientations_iPhone = "UIInterfaceOrientationPortrait UIInterfaceOrientationLandscapeLeft UIInterfaceOrientationLandscapeRight";
				LD_RUNPATH_SEARCH_PATHS = (
					"$(inherited)",
					"@executable_path/Frameworks",
				);
				MARKETING_VERSION = 1.0;
				PRODUCT_BUNDLE_IDENTIFIER = "Krisha.FinHacks-app";
				PRODUCT_NAME = "$(TARGET_NAME)";
				SWIFT_EMIT_LOC_STRINGS = YES;
				SWIFT_VERSION = 5.0;
				TARGETED_DEVICE_FAMILY = "1,2";
			};
			name = Release;
		};
		BD0135B52D3C3DB000B36648 /* Debug */ = {
			isa = XCBuildConfiguration;
			buildSettings = {
				BUNDLE_LOADER = "$(TEST_HOST)";
				CODE_SIGN_STYLE = Automatic;
				CURRENT_PROJECT_VERSION = 1;
				GENERATE_INFOPLIST_FILE = YES;
				IPHONEOS_DEPLOYMENT_TARGET = 18.2;
				MARKETING_VERSION = 1.0;
				PRODUCT_BUNDLE_IDENTIFIER = "Krisha.FinHacks-appTests";
				PRODUCT_NAME = "$(TARGET_NAME)";
				SWIFT_EMIT_LOC_STRINGS = NO;
				SWIFT_VERSION = 5.0;
				TARGETED_DEVICE_FAMILY = "1,2";
				TEST_HOST = "$(BUILT_PRODUCTS_DIR)/FinHacks app.app/$(BUNDLE_EXECUTABLE_FOLDER_PATH)/FinHacks app";
			};
			name = Debug;
		};
		BD0135B62D3C3DB000B36648 /* Release */ = {
			isa = XCBuildConfiguration;
			buildSettings = {
				BUNDLE_LOADER = "$(TEST_HOST)";
				CODE_SIGN_STYLE = Automatic;
				CURRENT_PROJECT_VERSION = 1;
				GENERATE_INFOPLIST_FILE = YES;
				IPHONEOS_DEPLOYMENT_TARGET = 18.2;
				MARKETING_VERSION = 1.0;
				PRODUCT_BUNDLE_IDENTIFIER = "Krisha.FinHacks-appTests";
				PRODUCT_NAME = "$(TARGET_NAME)";
				SWIFT_EMIT_LOC_STRINGS = NO;
				SWIFT_VERSION = 5.0;
				TARGETED_DEVICE_FAMILY = "1,2";
				TEST_HOST = "$(BUILT_PRODUCTS_DIR)/FinHacks app.app/$(BUNDLE_EXECUTABLE_FOLDER_PATH)/FinHacks app";
			};
			name = Release;
		};
		BD0135B82D3C3DB000B36648 /* Debug */ = {
			isa = XCBuildConfiguration;
			buildSettings = {
				CODE_SIGN_STYLE = Automatic;
				CURRENT_PROJECT_VERSION = 1;
				GENERATE_INFOPLIST_FILE = YES;
				MARKETING_VERSION = 1.0;
				PRODUCT_BUNDLE_IDENTIFIER = "Krisha.FinHacks-appUITests";
				PRODUCT_NAME = "$(TARGET_NAME)";
				SWIFT_EMIT_LOC_STRINGS = NO;
				SWIFT_VERSION = 5.0;
				TARGETED_DEVICE_FAMILY = "1,2";
				TEST_TARGET_NAME = "FinHacks app";
			};
			name = Debug;
		};
		BD0135B92D3C3DB000B36648 /* Release */ = {
			isa = XCBuildConfiguration;
			buildSettings = {
				CODE_SIGN_STYLE = Automatic;
				CURRENT_PROJECT_VERSION = 1;
				GENERATE_INFOPLIST_FILE = YES;
				MARKETING_VERSION = 1.0;
				PRODUCT_BUNDLE_IDENTIFIER = "Krisha.FinHacks-appUITests";
				PRODUCT_NAME = "$(TARGET_NAME)";
				SWIFT_EMIT_LOC_STRINGS = NO;
				SWIFT_VERSION = 5.0;
				TARGETED_DEVICE_FAMILY = "1,2";
				TEST_TARGET_NAME = "FinHacks app";
			};
			name = Release;
		};
/* End XCBuildConfiguration section */

/* Begin XCConfigurationList section */
		BD0135882D3C3DAD00B36648 /* Build configuration list for PBXProject "FinHacks app" */ = {
			isa = XCConfigurationList;
			buildConfigurations = (
				BD0135AF2D3C3DB000B36648 /* Debug */,
				BD0135B02D3C3DB000B36648 /* Release */,
			);
			defaultConfigurationIsVisible = 0;
			defaultConfigurationName = Release;
		};
		BD0135B12D3C3DB000B36648 /* Build configuration list for PBXNativeTarget "FinHacks app" */ = {
			isa = XCConfigurationList;
			buildConfigurations = (
				BD0135B22D3C3DB000B36648 /* Debug */,
				BD0135B32D3C3DB000B36648 /* Release */,
			);
			defaultConfigurationIsVisible = 0;
			defaultConfigurationName = Release;
		};
		BD0135B42D3C3DB000B36648 /* Build configuration list for PBXNativeTarget "FinHacks appTests" */ = {
			isa = XCConfigurationList;
			buildConfigurations = (
				BD0135B52D3C3DB000B36648 /* Debug */,
				BD0135B62D3C3DB000B36648 /* Release */,
			);
			defaultConfigurationIsVisible = 0;
			defaultConfigurationName = Release;
		};
		BD0135B72D3C3DB000B36648 /* Build configuration list for PBXNativeTarget "FinHacks appUITests" */ = {
			isa = XCConfigurationList;
			buildConfigurations = (
				BD0135B82D3C3DB000B36648 /* Debug */,
				BD0135B92D3C3DB000B36648 /* Release */,
			);
			defaultConfigurationIsVisible = 0;
			defaultConfigurationName = Release;
		};
/* End XCConfigurationList section */
	};
	rootObject = BD0135852D3C3DAD00B36648 /* Project object */;
}
